
Microsoft Visual Studio Solution File, Format Version 12.00
# Visual Studio Version 17
VisualStudioVersion = 17.6.33723.286
MinimumVisualStudioVersion = 10.0.40219.1
Project("{2150E333-8FDC-42A3-9474-1A3956D46DE8}") = "FrontEnd", "FrontEnd", "{8128002B-BB8D-45C5-9B9F-5969AD554DFA}"
EndProject
Project("{2150E333-8FDC-42A3-9474-1A3956D46DE8}") = "Gateway", "Gateway", "{5697D4A0-F2FF-43B5-8D53-384C38A41186}"
EndProject
Project("{2150E333-8FDC-42A3-9474-1A3956D46DE8}") = "Integration", "Integration", "{36973FCA-F3AA-4A38-8DCA-37140105ED81}"
EndProject
Project("{2150E333-8FDC-42A3-9474-1A3956D46DE8}") = "Services", "Services", "{27855584-E760-4A3A-B159-2F8FE3CC98D0}"
EndProject
Project("{9A19103F-16F7-4668-BE54-9A1E7A4F7556}") = "Mango.Services.CouponAPI", "Mango.Services.CouponAPI\Mango.Services.CouponAPI.csproj", "{0D2ED41E-97F7-406D-A1A5-B41258A3C80E}"
EndProject
Project("{9A19103F-16F7-4668-BE54-9A1E7A4F7556}") = "Mango.Services.AuthAPI", "Mango.Services.AuthAPI\Mango.Services.AuthAPI.csproj", "{EB3FD727-9E0D-49FA-94A2-92540005A810}"
EndProject
Project("{9A19103F-16F7-4668-BE54-9A1E7A4F7556}") = "Mango.Services.ProductAPI", "Mango.Services.ProductAPI\Mango.Services.ProductAPI.csproj", "{AC994493-8876-4517-8FDA-74D3749B0ABA}"
EndProject
Project("{FAE04EC0-301F-11D3-BF4B-00C04F79EFBC}") = "Mango.Website", "Mango.Website\Mango.Website.csproj", "{E7888F79-EB5D-4CF3-A314-98A9AA3ECEC1}"
EndProject
Global
	GlobalSection(SolutionConfigurationPlatforms) = preSolution
		Debug|Any CPU = Debug|Any CPU
		Release|Any CPU = Release|Any CPU
	EndGlobalSection
	GlobalSection(ProjectConfigurationPlatforms) = postSolution
		{0D2ED41E-97F7-406D-A1A5-B41258A3C80E}.Debug|Any CPU.ActiveCfg = Debug|Any CPU
		{0D2ED41E-97F7-406D-A1A5-B41258A3C80E}.Debug|Any CPU.Build.0 = Debug|Any CPU
		{0D2ED41E-97F7-406D-A1A5-B41258A3C80E}.Release|Any CPU.ActiveCfg = Release|Any CPU
		{0D2ED41E-97F7-406D-A1A5-B41258A3C80E}.Release|Any CPU.Build.0 = Release|Any CPU
		{EB3FD727-9E0D-49FA-94A2-92540005A810}.Debug|Any CPU.ActiveCfg = Debug|Any CPU
		{EB3FD727-9E0D-49FA-94A2-92540005A810}.Debug|Any CPU.Build.0 = Debug|Any CPU
		{EB3FD727-9E0D-49FA-94A2-92540005A810}.Release|Any CPU.ActiveCfg = Release|Any CPU
		{EB3FD727-9E0D-49FA-94A2-92540005A810}.Release|Any CPU.Build.0 = Release|Any CPU
		{AC994493-8876-4517-8FDA-74D3749B0ABA}.Debug|Any CPU.ActiveCfg = Debug|Any CPU
		{AC994493-8876-4517-8FDA-74D3749B0ABA}.Debug|Any CPU.Build.0 = Debug|Any CPU
		{AC994493-8876-4517-8FDA-74D3749B0ABA}.Release|Any CPU.ActiveCfg = Release|Any CPU
		{AC994493-8876-4517-8FDA-74D3749B0ABA}.Release|Any CPU.Build.0 = Release|Any CPU
		{E7888F79-EB5D-4CF3-A314-98A9AA3ECEC1}.Debug|Any CPU.ActiveCfg = Debug|Any CPU
		{E7888F79-EB5D-4CF3-A314-98A9AA3ECEC1}.Debug|Any CPU.Build.0 = Debug|Any CPU
		{E7888F79-EB5D-4CF3-A314-98A9AA3ECEC1}.Release|Any CPU.ActiveCfg = Release|Any CPU
		{E7888F79-EB5D-4CF3-A314-98A9AA3ECEC1}.Release|Any CPU.Build.0 = Release|Any CPU
	EndGlobalSection
	GlobalSection(SolutionProperties) = preSolution
		HideSolutionNode = FALSE
	EndGlobalSection
	GlobalSection(NestedProjects) = preSolution
		{0D2ED41E-97F7-406D-A1A5-B41258A3C80E} = {27855584-E760-4A3A-B159-2F8FE3CC98D0}
		{EB3FD727-9E0D-49FA-94A2-92540005A810} = {27855584-E760-4A3A-B159-2F8FE3CC98D0}
		{AC994493-8876-4517-8FDA-74D3749B0ABA} = {27855584-E760-4A3A-B159-2F8FE3CC98D0}
		{E7888F79-EB5D-4CF3-A314-98A9AA3ECEC1} = {8128002B-BB8D-45C5-9B9F-5969AD554DFA}
	EndGlobalSection
	GlobalSection(ExtensibilityGlobals) = postSolution
		SolutionGuid = {AAF0C9CF-C1D7-4361-87A3-3C30B6E9A316}
	EndGlobalSection
EndGlobal
